
Microsoft Visual Studio Solution File, Format Version 12.00
# Visual Studio Version 17
VisualStudioVersion = 17.12.35707.178
MinimumVisualStudioVersion = 10.0.40219.1
Project("{FAE04EC0-301F-11D3-BF4B-00C04F79EFBC}") = "HelloLambda", "HelloLambda\HelloLambda.csproj", "{97E984C8-71EB-40EB-83D2-6516F49857FC}"
EndProject
Project("{FAE04EC0-301F-11D3-BF4B-00C04F79EFBC}") = "StudentLambda", "StudentLambda\StudentLambda.csproj", "{A017062B-16E3-4537-8CBF-E8941691EF2A}"
EndProject
Project("{FAE04EC0-301F-11D3-BF4B-00C04F79EFBC}") = "ProductLambda", "ProductLambda\ProductLambda.csproj", "{DB67D2BA-4CCC-45DD-AA6C-118270EE732B}"
EndProject
Project("{FAE04EC0-301F-11D3-BF4B-00C04F79EFBC}") = "AuthLambda", "AuthLambda\AuthLambda.csproj", "{49C6D58D-14C2-4251-B6C3-24BFCAE0D87E}"
EndProject
Global
	GlobalSection(SolutionConfigurationPlatforms) = preSolution
		Debug|Any CPU = Debug|Any CPU
		Release|Any CPU = Release|Any CPU
	EndGlobalSection
	GlobalSection(ProjectConfigurationPlatforms) = postSolution
		{97E984C8-71EB-40EB-83D2-6516F49857FC}.Debug|Any CPU.ActiveCfg = Debug|Any CPU
		{97E984C8-71EB-40EB-83D2-6516F49857FC}.Debug|Any CPU.Build.0 = Debug|Any CPU
		{97E984C8-71EB-40EB-83D2-6516F49857FC}.Release|Any CPU.ActiveCfg = Release|Any CPU
		{97E984C8-71EB-40EB-83D2-6516F49857FC}.Release|Any CPU.Build.0 = Release|Any CPU
		{A017062B-16E3-4537-8CBF-E8941691EF2A}.Debug|Any CPU.ActiveCfg = Debug|Any CPU
		{A017062B-16E3-4537-8CBF-E8941691EF2A}.Debug|Any CPU.Build.0 = Debug|Any CPU
		{A017062B-16E3-4537-8CBF-E8941691EF2A}.Release|Any CPU.ActiveCfg = Release|Any CPU
		{A017062B-16E3-4537-8CBF-E8941691EF2A}.Release|Any CPU.Build.0 = Release|Any CPU
		{DB67D2BA-4CCC-45DD-AA6C-118270EE732B}.Debug|Any CPU.ActiveCfg = Debug|Any CPU
		{DB67D2BA-4CCC-45DD-AA6C-118270EE732B}.Debug|Any CPU.Build.0 = Debug|Any CPU
		{DB67D2BA-4CCC-45DD-AA6C-118270EE732B}.Release|Any CPU.ActiveCfg = Release|Any CPU
		{DB67D2BA-4CCC-45DD-AA6C-118270EE732B}.Release|Any CPU.Build.0 = Release|Any CPU
		{49C6D58D-14C2-4251-B6C3-24BFCAE0D87E}.Debug|Any CPU.ActiveCfg = Debug|Any CPU
		{49C6D58D-14C2-4251-B6C3-24BFCAE0D87E}.Debug|Any CPU.Build.0 = Debug|Any CPU
		{49C6D58D-14C2-4251-B6C3-24BFCAE0D87E}.Release|Any CPU.ActiveCfg = Release|Any CPU
		{49C6D58D-14C2-4251-B6C3-24BFCAE0D87E}.Release|Any CPU.Build.0 = Release|Any CPU
	EndGlobalSection
	GlobalSection(SolutionProperties) = preSolution
		HideSolutionNode = FALSE
	EndGlobalSection
EndGlobal
